
Microsoft Visual Studio Solution File, Format Version 12.00
# Visual Studio Version 16
VisualStudioVersion = 16.0.31624.102
MinimumVisualStudioVersion = 10.0.40219.1
Project("{9A19103F-16F7-4668-BE54-9A1E7A4F7556}") = "Sandbox", "Sandbox\Sandbox.csproj", "{33FE2EA4-902A-426C-AA94-5703E48BAE07}"
EndProject
Project("{FAE04EC0-301F-11D3-BF4B-00C04F79EFBC}") = "PokemonUnity.Shared", "PokemonUnity.Shared\PokemonUnity.Shared.csproj", "{C4BD7AC0-1333-4D62-A6CD-881A1806FFAD}"
EndProject
Project("{FAE04EC0-301F-11D3-BF4B-00C04F79EFBC}") = "UnitTestProject", "UnitTestProject\UnitTestProject.csproj", "{7C20DCE1-E6DA-4E84-9CEC-93626D43CDFD}"
EndProject
Global
	GlobalSection(SolutionConfigurationPlatforms) = preSolution
		Debug|Any CPU = Debug|Any CPU
		Release|Any CPU = Release|Any CPU
	EndGlobalSection
	GlobalSection(ProjectConfigurationPlatforms) = postSolution
		{33FE2EA4-902A-426C-AA94-5703E48BAE07}.Debug|Any CPU.ActiveCfg = Debug|Any CPU
		{33FE2EA4-902A-426C-AA94-5703E48BAE07}.Debug|Any CPU.Build.0 = Debug|Any CPU
		{33FE2EA4-902A-426C-AA94-5703E48BAE07}.Release|Any CPU.ActiveCfg = Release|Any CPU
		{33FE2EA4-902A-426C-AA94-5703E48BAE07}.Release|Any CPU.Build.0 = Release|Any CPU
		{C4BD7AC0-1333-4D62-A6CD-881A1806FFAD}.Debug|Any CPU.ActiveCfg = Debug|Any CPU
		{C4BD7AC0-1333-4D62-A6CD-881A1806FFAD}.Debug|Any CPU.Build.0 = Debug|Any CPU
		{C4BD7AC0-1333-4D62-A6CD-881A1806FFAD}.Release|Any CPU.ActiveCfg = Release|Any CPU
		{C4BD7AC0-1333-4D62-A6CD-881A1806FFAD}.Release|Any CPU.Build.0 = Release|Any CPU
		{7C20DCE1-E6DA-4E84-9CEC-93626D43CDFD}.Debug|Any CPU.ActiveCfg = Debug|Any CPU
		{7C20DCE1-E6DA-4E84-9CEC-93626D43CDFD}.Debug|Any CPU.Build.0 = Debug|Any CPU
		{7C20DCE1-E6DA-4E84-9CEC-93626D43CDFD}.Release|Any CPU.ActiveCfg = Release|Any CPU
		{7C20DCE1-E6DA-4E84-9CEC-93626D43CDFD}.Release|Any CPU.Build.0 = Release|Any CPU
	EndGlobalSection
	GlobalSection(SolutionProperties) = preSolution
		HideSolutionNode = FALSE
	EndGlobalSection
	GlobalSection(ExtensibilityGlobals) = postSolution
		SolutionGuid = {9BA3F3A8-E200-43AC-9896-E3D70EDF053F}
	EndGlobalSection
EndGlobal
