
Microsoft Visual Studio Solution File, Format Version 12.00
# Visual Studio 14
VisualStudioVersion = 14.0.25420.1
MinimumVisualStudioVersion = 10.0.40219.1
Project("{FAE04EC0-301F-11D3-BF4B-00C04F79EFBC}") = "Assembly-CSharp", "Assembly-CSharp.csproj", "{10F42E31-4957-FD75-9899-6B6E9B1C9EA8}"
EndProject
Project("{FAE04EC0-301F-11D3-BF4B-00C04F79EFBC}") = "Assembly-CSharp-Editor", "Assembly-CSharp-Editor.csproj", "{F6278824-EF26-0B19-80EC-89090458C325}"
EndProject
Project("{FAE04EC0-301F-11D3-BF4B-00C04F79EFBC}") = "UnitTestProject", "..\UnitTestProject\UnitTestProject.csproj", "{7C20DCE1-E6DA-4E84-9CEC-93626D43CDFD}"
	ProjectSection(ProjectDependencies) = postProject
		{F6278824-EF26-0B19-80EC-89090458C325} = {F6278824-EF26-0B19-80EC-89090458C325}
		{10F42E31-4957-FD75-9899-6B6E9B1C9EA8} = {10F42E31-4957-FD75-9899-6B6E9B1C9EA8}
	EndProjectSection
EndProject
Global
	GlobalSection(SolutionConfigurationPlatforms) = preSolution
		Debug|Any CPU = Debug|Any CPU
		Release|Any CPU = Release|Any CPU
	EndGlobalSection
	GlobalSection(ProjectConfigurationPlatforms) = postSolution
		{10F42E31-4957-FD75-9899-6B6E9B1C9EA8}.Debug|Any CPU.ActiveCfg = Debug|Any CPU
		{10F42E31-4957-FD75-9899-6B6E9B1C9EA8}.Debug|Any CPU.Build.0 = Debug|Any CPU
		{10F42E31-4957-FD75-9899-6B6E9B1C9EA8}.Release|Any CPU.ActiveCfg = Release|Any CPU
		{10F42E31-4957-FD75-9899-6B6E9B1C9EA8}.Release|Any CPU.Build.0 = Release|Any CPU
		{F6278824-EF26-0B19-80EC-89090458C325}.Debug|Any CPU.ActiveCfg = Debug|Any CPU
		{F6278824-EF26-0B19-80EC-89090458C325}.Debug|Any CPU.Build.0 = Debug|Any CPU
		{F6278824-EF26-0B19-80EC-89090458C325}.Release|Any CPU.ActiveCfg = Release|Any CPU
		{F6278824-EF26-0B19-80EC-89090458C325}.Release|Any CPU.Build.0 = Release|Any CPU
		{7C20DCE1-E6DA-4E84-9CEC-93626D43CDFD}.Debug|Any CPU.ActiveCfg = Debug|Any CPU
		{7C20DCE1-E6DA-4E84-9CEC-93626D43CDFD}.Debug|Any CPU.Build.0 = Debug|Any CPU
		{7C20DCE1-E6DA-4E84-9CEC-93626D43CDFD}.Release|Any CPU.ActiveCfg = Release|Any CPU
		{7C20DCE1-E6DA-4E84-9CEC-93626D43CDFD}.Release|Any CPU.Build.0 = Release|Any CPU
	EndGlobalSection
	GlobalSection(SolutionProperties) = preSolution
		HideSolutionNode = FALSE
	EndGlobalSection
	GlobalSection(MonoDevelopProperties) = preSolution
		StartupItem = Assembly-CSharp.csproj
	EndGlobalSection
EndGlobal
