
Microsoft Visual Studio Solution File, Format Version 12.00
# Visual Studio 15
VisualStudioVersion = 15.0.27703.2000
MinimumVisualStudioVersion = 10.0.40219.1
Project("{FAE04EC0-301F-11D3-BF4B-00C04F79EFBC}") = "Assembly-CSharp", "Assembly-CSharp.csproj", "{10F42E31-4957-FD75-9899-6B6E9B1C9EA8}"
EndProject
Project("{FAE04EC0-301F-11D3-BF4B-00C04F79EFBC}") = "Assembly-CSharp-firstpass", "Assembly-CSharp-firstpass.csproj", "{689E422C-B77F-5B31-E119-AD21E63C6EE7}"
EndProject
Project("{FAE04EC0-301F-11D3-BF4B-00C04F79EFBC}") = "Assembly-CSharp-Editor", "Assembly-CSharp-Editor.csproj", "{F6278824-EF26-0B19-80EC-89090458C325}"
EndProject
Project("{FAE04EC0-301F-11D3-BF4B-00C04F79EFBC}") = "UnitTestProject", "..\UnitTestProject\UnitTestProject.csproj", "{7C20DCE1-E6DA-4E84-9CEC-93626D43CDFD}"
EndProject
Global
	GlobalSection(SolutionConfigurationPlatforms) = preSolution
		Debug|Any CPU = Debug|Any CPU
		Release|Any CPU = Release|Any CPU
	EndGlobalSection
	GlobalSection(ProjectConfigurationPlatforms) = postSolution
		{10F42E31-4957-FD75-9899-6B6E9B1C9EA8}.Debug|Any CPU.ActiveCfg = Debug|Any CPU
		{10F42E31-4957-FD75-9899-6B6E9B1C9EA8}.Debug|Any CPU.Build.0 = Debug|Any CPU
		{10F42E31-4957-FD75-9899-6B6E9B1C9EA8}.Release|Any CPU.ActiveCfg = Release|Any CPU
		{10F42E31-4957-FD75-9899-6B6E9B1C9EA8}.Release|Any CPU.Build.0 = Release|Any CPU
		{689E422C-B77F-5B31-E119-AD21E63C6EE7}.Debug|Any CPU.ActiveCfg = Debug|Any CPU
		{689E422C-B77F-5B31-E119-AD21E63C6EE7}.Debug|Any CPU.Build.0 = Debug|Any CPU
		{689E422C-B77F-5B31-E119-AD21E63C6EE7}.Release|Any CPU.ActiveCfg = Release|Any CPU
		{689E422C-B77F-5B31-E119-AD21E63C6EE7}.Release|Any CPU.Build.0 = Release|Any CPU
		{F6278824-EF26-0B19-80EC-89090458C325}.Debug|Any CPU.ActiveCfg = Debug|Any CPU
		{F6278824-EF26-0B19-80EC-89090458C325}.Debug|Any CPU.Build.0 = Debug|Any CPU
		{F6278824-EF26-0B19-80EC-89090458C325}.Release|Any CPU.ActiveCfg = Release|Any CPU
		{F6278824-EF26-0B19-80EC-89090458C325}.Release|Any CPU.Build.0 = Release|Any CPU
		{7C20DCE1-E6DA-4E84-9CEC-93626D43CDFD}.Debug|Any CPU.ActiveCfg = Debug|Any CPU
		{7C20DCE1-E6DA-4E84-9CEC-93626D43CDFD}.Debug|Any CPU.Build.0 = Debug|Any CPU
		{7C20DCE1-E6DA-4E84-9CEC-93626D43CDFD}.Release|Any CPU.ActiveCfg = Release|Any CPU
		{7C20DCE1-E6DA-4E84-9CEC-93626D43CDFD}.Release|Any CPU.Build.0 = Release|Any CPU
	EndGlobalSection
	GlobalSection(SolutionProperties) = preSolution
		HideSolutionNode = FALSE
	EndGlobalSection
	GlobalSection(ExtensibilityGlobals) = postSolution
		SolutionGuid = {B852DECB-F06A-4FE1-B11C-D987F3DA8A04}
	EndGlobalSection
	GlobalSection(MonoDevelopProperties) = preSolution
		StartupItem = Assembly-CSharp.csproj
	EndGlobalSection
EndGlobal
